// !$*UTF8*$!
{
	archiveVersion = 1;
	classes = {
	};
	objectVersion = 50;
	objects = {

/* Begin PBXBuildFile section */
		090C5C14237925B00095E911 /* CurrentStandingsTableViewController.swift in Sources */ = {isa = PBXBuildFile; fileRef = 090C5C13237925B00095E911 /* CurrentStandingsTableViewController.swift */; };
		090C5C162379A7A90095E911 /* RegisterMatchViewController.swift in Sources */ = {isa = PBXBuildFile; fileRef = 090C5C152379A7A90095E911 /* RegisterMatchViewController.swift */; };
		091D8B282374ECEB00F6EC36 /* AppDelegate.swift in Sources */ = {isa = PBXBuildFile; fileRef = 091D8B272374ECEB00F6EC36 /* AppDelegate.swift */; };
		091D8B2A2374ECEB00F6EC36 /* SceneDelegate.swift in Sources */ = {isa = PBXBuildFile; fileRef = 091D8B292374ECEB00F6EC36 /* SceneDelegate.swift */; };
		091D8B2F2374ECEB00F6EC36 /* Main.storyboard in Resources */ = {isa = PBXBuildFile; fileRef = 091D8B2D2374ECEB00F6EC36 /* Main.storyboard */; };
		091D8B312374ECEC00F6EC36 /* Assets.xcassets in Resources */ = {isa = PBXBuildFile; fileRef = 091D8B302374ECEC00F6EC36 /* Assets.xcassets */; };
		091D8B342374ECEC00F6EC36 /* LaunchScreen.storyboard in Resources */ = {isa = PBXBuildFile; fileRef = 091D8B322374ECEC00F6EC36 /* LaunchScreen.storyboard */; };
		091D8B3E2374F0B400F6EC36 /* PlayerModel.swift in Sources */ = {isa = PBXBuildFile; fileRef = 091D8B3D2374F0B400F6EC36 /* PlayerModel.swift */; };
		091D8B402375121200F6EC36 /* DataRetriever.swift in Sources */ = {isa = PBXBuildFile; fileRef = 091D8B3F2375121200F6EC36 /* DataRetriever.swift */; };
		091D8B422378AC5D00F6EC36 /* StandingsViewController.swift in Sources */ = {isa = PBXBuildFile; fileRef = 091D8B412378AC5D00F6EC36 /* StandingsViewController.swift */; };
		091D8B442378BCE900F6EC36 /* MatchHistoryViewController.swift in Sources */ = {isa = PBXBuildFile; fileRef = 091D8B432378BCE900F6EC36 /* MatchHistoryViewController.swift */; };
		091D8B462378BDBF00F6EC36 /* MatchModel.swift in Sources */ = {isa = PBXBuildFile; fileRef = 091D8B452378BDBF00F6EC36 /* MatchModel.swift */; };
		091D8B4823790BBE00F6EC36 /* MatchTableViewCell.swift in Sources */ = {isa = PBXBuildFile; fileRef = 091D8B4723790BBE00F6EC36 /* MatchTableViewCell.swift */; };
		09B6E230237A28FB002A8C83 /* Settings.swift in Sources */ = {isa = PBXBuildFile; fileRef = 09B6E22F237A28FB002A8C83 /* Settings.swift */; };
		09B6E232237A64C8002A8C83 /* RegisterMatchTableViewController.swift in Sources */ = {isa = PBXBuildFile; fileRef = 09B6E231237A64C8002A8C83 /* RegisterMatchTableViewController.swift */; };
/* End PBXBuildFile section */

/* Begin PBXFileReference section */
		090C5C13237925B00095E911 /* CurrentStandingsTableViewController.swift */ = {isa = PBXFileReference; lastKnownFileType = sourcecode.swift; path = CurrentStandingsTableViewController.swift; sourceTree = "<group>"; };
		090C5C152379A7A90095E911 /* RegisterMatchViewController.swift */ = {isa = PBXFileReference; lastKnownFileType = sourcecode.swift; path = RegisterMatchViewController.swift; sourceTree = "<group>"; };
		091D8B242374ECEB00F6EC36 /* shark-hunt.app */ = {isa = PBXFileReference; explicitFileType = wrapper.application; includeInIndex = 0; path = "shark-hunt.app"; sourceTree = BUILT_PRODUCTS_DIR; };
		091D8B272374ECEB00F6EC36 /* AppDelegate.swift */ = {isa = PBXFileReference; lastKnownFileType = sourcecode.swift; path = AppDelegate.swift; sourceTree = "<group>"; };
		091D8B292374ECEB00F6EC36 /* SceneDelegate.swift */ = {isa = PBXFileReference; lastKnownFileType = sourcecode.swift; path = SceneDelegate.swift; sourceTree = "<group>"; };
		091D8B2E2374ECEB00F6EC36 /* Base */ = {isa = PBXFileReference; lastKnownFileType = file.storyboard; name = Base; path = Base.lproj/Main.storyboard; sourceTree = "<group>"; };
		091D8B302374ECEC00F6EC36 /* Assets.xcassets */ = {isa = PBXFileReference; lastKnownFileType = folder.assetcatalog; path = Assets.xcassets; sourceTree = "<group>"; };
		091D8B332374ECEC00F6EC36 /* Base */ = {isa = PBXFileReference; lastKnownFileType = file.storyboard; name = Base; path = Base.lproj/LaunchScreen.storyboard; sourceTree = "<group>"; };
		091D8B352374ECEC00F6EC36 /* Info.plist */ = {isa = PBXFileReference; lastKnownFileType = text.plist.xml; path = Info.plist; sourceTree = "<group>"; };
		091D8B3D2374F0B400F6EC36 /* PlayerModel.swift */ = {isa = PBXFileReference; lastKnownFileType = sourcecode.swift; path = PlayerModel.swift; sourceTree = "<group>"; };
		091D8B3F2375121200F6EC36 /* DataRetriever.swift */ = {isa = PBXFileReference; lastKnownFileType = sourcecode.swift; path = DataRetriever.swift; sourceTree = "<group>"; };
		091D8B412378AC5D00F6EC36 /* StandingsViewController.swift */ = {isa = PBXFileReference; lastKnownFileType = sourcecode.swift; path = StandingsViewController.swift; sourceTree = "<group>"; };
		091D8B432378BCE900F6EC36 /* MatchHistoryViewController.swift */ = {isa = PBXFileReference; lastKnownFileType = sourcecode.swift; path = MatchHistoryViewController.swift; sourceTree = "<group>"; };
		091D8B452378BDBF00F6EC36 /* MatchModel.swift */ = {isa = PBXFileReference; lastKnownFileType = sourcecode.swift; path = MatchModel.swift; sourceTree = "<group>"; };
		091D8B4723790BBE00F6EC36 /* MatchTableViewCell.swift */ = {isa = PBXFileReference; lastKnownFileType = sourcecode.swift; path = MatchTableViewCell.swift; sourceTree = "<group>"; };
		09B6E22F237A28FB002A8C83 /* Settings.swift */ = {isa = PBXFileReference; lastKnownFileType = sourcecode.swift; path = Settings.swift; sourceTree = "<group>"; };
		09B6E231237A64C8002A8C83 /* RegisterMatchTableViewController.swift */ = {isa = PBXFileReference; lastKnownFileType = sourcecode.swift; path = RegisterMatchTableViewController.swift; sourceTree = "<group>"; };
/* End PBXFileReference section */

/* Begin PBXFrameworksBuildPhase section */
		091D8B212374ECEB00F6EC36 /* Frameworks */ = {
			isa = PBXFrameworksBuildPhase;
			buildActionMask = 2147483647;
			files = (
			);
			runOnlyForDeploymentPostprocessing = 0;
		};
/* End PBXFrameworksBuildPhase section */

/* Begin PBXGroup section */
		091D8B1B2374ECEB00F6EC36 = {
			isa = PBXGroup;
			children = (
				091D8B262374ECEB00F6EC36 /* shark-hunt */,
				091D8B252374ECEB00F6EC36 /* Products */,
			);
			sourceTree = "<group>";
		};
		091D8B252374ECEB00F6EC36 /* Products */ = {
			isa = PBXGroup;
			children = (
				091D8B242374ECEB00F6EC36 /* shark-hunt.app */,
			);
			name = Products;
			sourceTree = "<group>";
		};
		091D8B262374ECEB00F6EC36 /* shark-hunt */ = {
			isa = PBXGroup;
			children = (
				091D8B3D2374F0B400F6EC36 /* PlayerModel.swift */,
				091D8B3F2375121200F6EC36 /* DataRetriever.swift */,
				091D8B432378BCE900F6EC36 /* MatchHistoryViewController.swift */,
				091D8B452378BDBF00F6EC36 /* MatchModel.swift */,
				091D8B272374ECEB00F6EC36 /* AppDelegate.swift */,
				091D8B292374ECEB00F6EC36 /* SceneDelegate.swift */,
				091D8B2D2374ECEB00F6EC36 /* Main.storyboard */,
				090C5C152379A7A90095E911 /* RegisterMatchViewController.swift */,
				09B6E231237A64C8002A8C83 /* RegisterMatchTableViewController.swift */,
				090C5C13237925B00095E911 /* CurrentStandingsTableViewController.swift */,
				091D8B4723790BBE00F6EC36 /* MatchTableViewCell.swift */,
				091D8B412378AC5D00F6EC36 /* StandingsViewController.swift */,
				091D8B302374ECEC00F6EC36 /* Assets.xcassets */,
				091D8B322374ECEC00F6EC36 /* LaunchScreen.storyboard */,
				09B6E22F237A28FB002A8C83 /* Settings.swift */,
				091D8B352374ECEC00F6EC36 /* Info.plist */,
			);
			path = "shark-hunt";
			sourceTree = "<group>";
		};
/* End PBXGroup section */

/* Begin PBXNativeTarget section */
		091D8B232374ECEB00F6EC36 /* shark-hunt */ = {
			isa = PBXNativeTarget;
			buildConfigurationList = 091D8B382374ECEC00F6EC36 /* Build configuration list for PBXNativeTarget "shark-hunt" */;
			buildPhases = (
				091D8B202374ECEB00F6EC36 /* Sources */,
				091D8B212374ECEB00F6EC36 /* Frameworks */,
				091D8B222374ECEB00F6EC36 /* Resources */,
			);
			buildRules = (
			);
			dependencies = (
			);
			name = "shark-hunt";
			productName = "shark-hunt";
			productReference = 091D8B242374ECEB00F6EC36 /* shark-hunt.app */;
			productType = "com.apple.product-type.application";
		};
/* End PBXNativeTarget section */

/* Begin PBXProject section */
		091D8B1C2374ECEB00F6EC36 /* Project object */ = {
			isa = PBXProject;
			attributes = {
				LastSwiftUpdateCheck = 1110;
				LastUpgradeCheck = 1110;
				ORGANIZATIONNAME = "Spencer DeBuf";
				TargetAttributes = {
					091D8B232374ECEB00F6EC36 = {
						CreatedOnToolsVersion = 11.1;
					};
				};
			};
			buildConfigurationList = 091D8B1F2374ECEB00F6EC36 /* Build configuration list for PBXProject "shark-hunt" */;
			compatibilityVersion = "Xcode 9.3";
			developmentRegion = en;
			hasScannedForEncodings = 0;
			knownRegions = (
				en,
				Base,
			);
			mainGroup = 091D8B1B2374ECEB00F6EC36;
			productRefGroup = 091D8B252374ECEB00F6EC36 /* Products */;
			projectDirPath = "";
			projectRoot = "";
			targets = (
				091D8B232374ECEB00F6EC36 /* shark-hunt */,
			);
		};
/* End PBXProject section */

/* Begin PBXResourcesBuildPhase section */
		091D8B222374ECEB00F6EC36 /* Resources */ = {
			isa = PBXResourcesBuildPhase;
			buildActionMask = 2147483647;
			files = (
				091D8B342374ECEC00F6EC36 /* LaunchScreen.storyboard in Resources */,
				091D8B312374ECEC00F6EC36 /* Assets.xcassets in Resources */,
				091D8B2F2374ECEB00F6EC36 /* Main.storyboard in Resources */,
			);
			runOnlyForDeploymentPostprocessing = 0;
		};
/* End PBXResourcesBuildPhase section */

/* Begin PBXSourcesBuildPhase section */
		091D8B202374ECEB00F6EC36 /* Sources */ = {
			isa = PBXSourcesBuildPhase;
			buildActionMask = 2147483647;
			files = (
				091D8B462378BDBF00F6EC36 /* MatchModel.swift in Sources */,
				091D8B282374ECEB00F6EC36 /* AppDelegate.swift in Sources */,
				09B6E232237A64C8002A8C83 /* RegisterMatchTableViewController.swift in Sources */,
				091D8B422378AC5D00F6EC36 /* StandingsViewController.swift in Sources */,
				091D8B4823790BBE00F6EC36 /* MatchTableViewCell.swift in Sources */,
				090C5C14237925B00095E911 /* CurrentStandingsTableViewController.swift in Sources */,
				091D8B3E2374F0B400F6EC36 /* PlayerModel.swift in Sources */,
				091D8B2A2374ECEB00F6EC36 /* SceneDelegate.swift in Sources */,
				090C5C162379A7A90095E911 /* RegisterMatchViewController.swift in Sources */,
				091D8B442378BCE900F6EC36 /* MatchHistoryViewController.swift in Sources */,
				09B6E230237A28FB002A8C83 /* Settings.swift in Sources */,
				091D8B402375121200F6EC36 /* DataRetriever.swift in Sources */,
			);
			runOnlyForDeploymentPostprocessing = 0;
		};
/* End PBXSourcesBuildPhase section */

/* Begin PBXVariantGroup section */
		091D8B2D2374ECEB00F6EC36 /* Main.storyboard */ = {
			isa = PBXVariantGroup;
			children = (
				091D8B2E2374ECEB00F6EC36 /* Base */,
			);
			name = Main.storyboard;
			sourceTree = "<group>";
		};
		091D8B322374ECEC00F6EC36 /* LaunchScreen.storyboard */ = {
			isa = PBXVariantGroup;
			children = (
				091D8B332374ECEC00F6EC36 /* Base */,
			);
			name = LaunchScreen.storyboard;
			sourceTree = "<group>";
		};
/* End PBXVariantGroup section */

/* Begin XCBuildConfiguration section */
		091D8B362374ECEC00F6EC36 /* Debug */ = {
			isa = XCBuildConfiguration;
			buildSettings = {
				ALWAYS_SEARCH_USER_PATHS = NO;
				CLANG_ANALYZER_NONNULL = YES;
				CLANG_ANALYZER_NUMBER_OBJECT_CONVERSION = YES_AGGRESSIVE;
				CLANG_CXX_LANGUAGE_STANDARD = "gnu++14";
				CLANG_CXX_LIBRARY = "libc++";
				CLANG_ENABLE_MODULES = YES;
				CLANG_ENABLE_OBJC_ARC = YES;
				CLANG_ENABLE_OBJC_WEAK = YES;
				CLANG_WARN_BLOCK_CAPTURE_AUTORELEASING = YES;
				CLANG_WARN_BOOL_CONVERSION = YES;
				CLANG_WARN_COMMA = YES;
				CLANG_WARN_CONSTANT_CONVERSION = YES;
				CLANG_WARN_DEPRECATED_OBJC_IMPLEMENTATIONS = YES;
				CLANG_WARN_DIRECT_OBJC_ISA_USAGE = YES_ERROR;
				CLANG_WARN_DOCUMENTATION_COMMENTS = YES;
				CLANG_WARN_EMPTY_BODY = YES;
				CLANG_WARN_ENUM_CONVERSION = YES;
				CLANG_WARN_INFINITE_RECURSION = YES;
				CLANG_WARN_INT_CONVERSION = YES;
				CLANG_WARN_NON_LITERAL_NULL_CONVERSION = YES;
				CLANG_WARN_OBJC_IMPLICIT_RETAIN_SELF = YES;
				CLANG_WARN_OBJC_LITERAL_CONVERSION = YES;
				CLANG_WARN_OBJC_ROOT_CLASS = YES_ERROR;
				CLANG_WARN_RANGE_LOOP_ANALYSIS = YES;
				CLANG_WARN_STRICT_PROTOTYPES = YES;
				CLANG_WARN_SUSPICIOUS_MOVE = YES;
				CLANG_WARN_UNGUARDED_AVAILABILITY = YES_AGGRESSIVE;
				CLANG_WARN_UNREACHABLE_CODE = YES;
				CLANG_WARN__DUPLICATE_METHOD_MATCH = YES;
				COPY_PHASE_STRIP = NO;
				DEBUG_INFORMATION_FORMAT = dwarf;
				ENABLE_STRICT_OBJC_MSGSEND = YES;
				ENABLE_TESTABILITY = YES;
				GCC_C_LANGUAGE_STANDARD = gnu11;
				GCC_DYNAMIC_NO_PIC = NO;
				GCC_NO_COMMON_BLOCKS = YES;
				GCC_OPTIMIZATION_LEVEL = 0;
				GCC_PREPROCESSOR_DEFINITIONS = (
					"DEBUG=1",
					"$(inherited)",
				);
				GCC_WARN_64_TO_32_BIT_CONVERSION = YES;
				GCC_WARN_ABOUT_RETURN_TYPE = YES_ERROR;
				GCC_WARN_UNDECLARED_SELECTOR = YES;
				GCC_WARN_UNINITIALIZED_AUTOS = YES_AGGRESSIVE;
				GCC_WARN_UNUSED_FUNCTION = YES;
				GCC_WARN_UNUSED_VARIABLE = YES;
				IPHONEOS_DEPLOYMENT_TARGET = 13.1;
				MTL_ENABLE_DEBUG_INFO = INCLUDE_SOURCE;
				MTL_FAST_MATH = YES;
				ONLY_ACTIVE_ARCH = YES;
				SDKROOT = iphoneos;
				SWIFT_ACTIVE_COMPILATION_CONDITIONS = DEBUG;
				SWIFT_OPTIMIZATION_LEVEL = "-Onone";
			};
			name = Debug;
		};
		091D8B372374ECEC00F6EC36 /* Release */ = {
			isa = XCBuildConfiguration;
			buildSettings = {
				ALWAYS_SEARCH_USER_PATHS = NO;
				CLANG_ANALYZER_NONNULL = YES;
				CLANG_ANALYZER_NUMBER_OBJECT_CONVERSION = YES_AGGRESSIVE;
				CLANG_CXX_LANGUAGE_STANDARD = "gnu++14";
				CLANG_CXX_LIBRARY = "libc++";
				CLANG_ENABLE_MODULES = YES;
				CLANG_ENABLE_OBJC_ARC = YES;
				CLANG_ENABLE_OBJC_WEAK = YES;
				CLANG_WARN_BLOCK_CAPTURE_AUTORELEASING = YES;
				CLANG_WARN_BOOL_CONVERSION = YES;
				CLANG_WARN_COMMA = YES;
				CLANG_WARN_CONSTANT_CONVERSION = YES;
				CLANG_WARN_DEPRECATED_OBJC_IMPLEMENTATIONS = YES;
				CLANG_WARN_DIRECT_OBJC_ISA_USAGE = YES_ERROR;
				CLANG_WARN_DOCUMENTATION_COMMENTS = YES;
				CLANG_WARN_EMPTY_BODY = YES;
				CLANG_WARN_ENUM_CONVERSION = YES;
				CLANG_WARN_INFINITE_RECURSION = YES;
				CLANG_WARN_INT_CONVERSION = YES;
				CLANG_WARN_NON_LITERAL_NULL_CONVERSION = YES;
				CLANG_WARN_OBJC_IMPLICIT_RETAIN_SELF = YES;
				CLANG_WARN_OBJC_LITERAL_CONVERSION = YES;
				CLANG_WARN_OBJC_ROOT_CLASS = YES_ERROR;
				CLANG_WARN_RANGE_LOOP_ANALYSIS = YES;
				CLANG_WARN_STRICT_PROTOTYPES = YES;
				CLANG_WARN_SUSPICIOUS_MOVE = YES;
				CLANG_WARN_UNGUARDED_AVAILABILITY = YES_AGGRESSIVE;
				CLANG_WARN_UNREACHABLE_CODE = YES;
				CLANG_WARN__DUPLICATE_METHOD_MATCH = YES;
				COPY_PHASE_STRIP = NO;
				DEBUG_INFORMATION_FORMAT = "dwarf-with-dsym";
				ENABLE_NS_ASSERTIONS = NO;
				ENABLE_STRICT_OBJC_MSGSEND = YES;
				GCC_C_LANGUAGE_STANDARD = gnu11;
				GCC_NO_COMMON_BLOCKS = YES;
				GCC_WARN_64_TO_32_BIT_CONVERSION = YES;
				GCC_WARN_ABOUT_RETURN_TYPE = YES_ERROR;
				GCC_WARN_UNDECLARED_SELECTOR = YES;
				GCC_WARN_UNINITIALIZED_AUTOS = YES_AGGRESSIVE;
				GCC_WARN_UNUSED_FUNCTION = YES;
				GCC_WARN_UNUSED_VARIABLE = YES;
				IPHONEOS_DEPLOYMENT_TARGET = 13.1;
				MTL_ENABLE_DEBUG_INFO = NO;
				MTL_FAST_MATH = YES;
				SDKROOT = iphoneos;
				SWIFT_COMPILATION_MODE = wholemodule;
				SWIFT_OPTIMIZATION_LEVEL = "-O";
				VALIDATE_PRODUCT = YES;
			};
			name = Release;
		};
		091D8B392374ECEC00F6EC36 /* Debug */ = {
			isa = XCBuildConfiguration;
			buildSettings = {
				ASSETCATALOG_COMPILER_APPICON_NAME = AppIcon;
				CODE_SIGN_STYLE = Automatic;
				DEVELOPMENT_TEAM = 2MQ4939U5K;
				INFOPLIST_FILE = "shark-hunt/Info.plist";
				LD_RUNPATH_SEARCH_PATHS = (
					"$(inherited)",
					"@executable_path/Frameworks",
				);
				PRODUCT_BUNDLE_IDENTIFIER = "com-SpencerDeBuf-Stanford.shark-hunt";
				PRODUCT_NAME = "$(TARGET_NAME)";
				SWIFT_VERSION = 5.0;
				TARGETED_DEVICE_FAMILY = "1,2";
			};
			name = Debug;
		};
		091D8B3A2374ECEC00F6EC36 /* Release */ = {
			isa = XCBuildConfiguration;
			buildSettings = {
				ASSETCATALOG_COMPILER_APPICON_NAME = AppIcon;
				CODE_SIGN_STYLE = Automatic;
				DEVELOPMENT_TEAM = 2MQ4939U5K;
				INFOPLIST_FILE = "shark-hunt/Info.plist";
				LD_RUNPATH_SEARCH_PATHS = (
					"$(inherited)",
					"@executable_path/Frameworks",
				);
				PRODUCT_BUNDLE_IDENTIFIER = "com-SpencerDeBuf-Stanford.shark-hunt";
				PRODUCT_NAME = "$(TARGET_NAME)";
				SWIFT_VERSION = 5.0;
				TARGETED_DEVICE_FAMILY = "1,2";
			};
			name = Release;
		};
/* End XCBuildConfiguration section */

/* Begin XCConfigurationList section */
		091D8B1F2374ECEB00F6EC36 /* Build configuration list for PBXProject "shark-hunt" */ = {
			isa = XCConfigurationList;
			buildConfigurations = (
				091D8B362374ECEC00F6EC36 /* Debug */,
				091D8B372374ECEC00F6EC36 /* Release */,
			);
			defaultConfigurationIsVisible = 0;
			defaultConfigurationName = Release;
		};
		091D8B382374ECEC00F6EC36 /* Build configuration list for PBXNativeTarget "shark-hunt" */ = {
			isa = XCConfigurationList;
			buildConfigurations = (
				091D8B392374ECEC00F6EC36 /* Debug */,
				091D8B3A2374ECEC00F6EC36 /* Release */,
			);
			defaultConfigurationIsVisible = 0;
			defaultConfigurationName = Release;
		};
/* End XCConfigurationList section */
	};
	rootObject = 091D8B1C2374ECEB00F6EC36 /* Project object */;
}
